
Microsoft Visual Studio Solution File, Format Version 12.00
# Visual Studio Version 16
VisualStudioVersion = 16.0.29418.71
MinimumVisualStudioVersion = 10.0.40219.1
Project("{FAE04EC0-301F-11D3-BF4B-00C04F79EFBC}") = "Data Viewer", "Data Viewer\Data Viewer.csproj", "{0233BE98-C3A6-413C-ACE7-690D8ED72867}"
EndProject
Global
	GlobalSection(SolutionConfigurationPlatforms) = preSolution
		Debug|Any CPU = Debug|Any CPU
		Release|Any CPU = Release|Any CPU
	EndGlobalSection
	GlobalSection(ProjectConfigurationPlatforms) = postSolution
		{0233BE98-C3A6-413C-ACE7-690D8ED72867}.Debug|Any CPU.ActiveCfg = Debug|Any CPU
		{0233BE98-C3A6-413C-ACE7-690D8ED72867}.Debug|Any CPU.Build.0 = Debug|Any CPU
		{0233BE98-C3A6-413C-ACE7-690D8ED72867}.Release|Any CPU.ActiveCfg = Release|Any CPU
		{0233BE98-C3A6-413C-ACE7-690D8ED72867}.Release|Any CPU.Build.0 = Release|Any CPU
	EndGlobalSection
	GlobalSection(SolutionProperties) = preSolution
		HideSolutionNode = FALSE
	EndGlobalSection
	GlobalSection(ExtensibilityGlobals) = postSolution
		SolutionGuid = {97CA14F9-BACB-4966-A836-C3C5A9F726B6}
	EndGlobalSection
EndGlobal
